
Microsoft Visual Studio Solution File, Format Version 12.00
# Visual Studio Version 16
VisualStudioVersion = 16.0.35130.168
MinimumVisualStudioVersion = 10.0.40219.1
Project("{FAE04EC0-301F-11D3-BF4B-00C04F79EFBC}") = "MATRIX CALCULATOR", "MATRIX CALCULATOR\MATRIX CALCULATOR.csproj", "{AAB071F3-2530-4199-ACE6-D793CBB4A88F}"
EndProject
Global
	GlobalSection(SolutionConfigurationPlatforms) = preSolution
		Debug|Any CPU = Debug|Any CPU
		Release|Any CPU = Release|Any CPU
	EndGlobalSection
	GlobalSection(ProjectConfigurationPlatforms) = postSolution
		{AAB071F3-2530-4199-ACE6-D793CBB4A88F}.Debug|Any CPU.ActiveCfg = Debug|Any CPU
		{AAB071F3-2530-4199-ACE6-D793CBB4A88F}.Debug|Any CPU.Build.0 = Debug|Any CPU
		{AAB071F3-2530-4199-ACE6-D793CBB4A88F}.Release|Any CPU.ActiveCfg = Release|Any CPU
		{AAB071F3-2530-4199-ACE6-D793CBB4A88F}.Release|Any CPU.Build.0 = Release|Any CPU
	EndGlobalSection
	GlobalSection(SolutionProperties) = preSolution
		HideSolutionNode = FALSE
	EndGlobalSection
	GlobalSection(ExtensibilityGlobals) = postSolution
		SolutionGuid = {18B14168-166B-4562-855C-B1917CF96382}
	EndGlobalSection
EndGlobal
